
Microsoft Visual Studio Solution File, Format Version 12.00
# Visual Studio Version 17
VisualStudioVersion = 17.3.32825.248
MinimumVisualStudioVersion = 10.0.40219.1
Project("{FAE04EC0-301F-11D3-BF4B-00C04F79EFBC}") = "Fabrica", "Fabrica\Fabrica.csproj", "{68EC3B11-36BE-4CBF-A4CA-6FD7A7BF9AAF}"
EndProject
Global
	GlobalSection(SolutionConfigurationPlatforms) = preSolution
		Debug|Any CPU = Debug|Any CPU
		Release|Any CPU = Release|Any CPU
	EndGlobalSection
	GlobalSection(ProjectConfigurationPlatforms) = postSolution
		{68EC3B11-36BE-4CBF-A4CA-6FD7A7BF9AAF}.Debug|Any CPU.ActiveCfg = Debug|Any CPU
		{68EC3B11-36BE-4CBF-A4CA-6FD7A7BF9AAF}.Debug|Any CPU.Build.0 = Debug|Any CPU
		{68EC3B11-36BE-4CBF-A4CA-6FD7A7BF9AAF}.Release|Any CPU.ActiveCfg = Release|Any CPU
		{68EC3B11-36BE-4CBF-A4CA-6FD7A7BF9AAF}.Release|Any CPU.Build.0 = Release|Any CPU
	EndGlobalSection
	GlobalSection(SolutionProperties) = preSolution
		HideSolutionNode = FALSE
	EndGlobalSection
	GlobalSection(ExtensibilityGlobals) = postSolution
		SolutionGuid = {0C85AF7C-FD2F-4283-B76B-ECF05213F218}
	EndGlobalSection
EndGlobal
